
Microsoft Visual Studio Solution File, Format Version 12.00
# Visual Studio Version 16
VisualStudioVersion = 16.0.32802.440
MinimumVisualStudioVersion = 10.0.40219.1
Project("{FAE04EC0-301F-11D3-BF4B-00C04F79EFBC}") = "ArrayDemo", "ArrayDemo.csproj", "{C01C0467-C3DE-4E1D-9244-D16BB2211E09}"
EndProject
Global
	GlobalSection(SolutionConfigurationPlatforms) = preSolution
		Debug|Any CPU = Debug|Any CPU
		Release|Any CPU = Release|Any CPU
	EndGlobalSection
	GlobalSection(ProjectConfigurationPlatforms) = postSolution
		{C01C0467-C3DE-4E1D-9244-D16BB2211E09}.Debug|Any CPU.ActiveCfg = Debug|Any CPU
		{C01C0467-C3DE-4E1D-9244-D16BB2211E09}.Debug|Any CPU.Build.0 = Debug|Any CPU
		{C01C0467-C3DE-4E1D-9244-D16BB2211E09}.Release|Any CPU.ActiveCfg = Release|Any CPU
		{C01C0467-C3DE-4E1D-9244-D16BB2211E09}.Release|Any CPU.Build.0 = Release|Any CPU
	EndGlobalSection
	GlobalSection(SolutionProperties) = preSolution
		HideSolutionNode = FALSE
	EndGlobalSection
	GlobalSection(ExtensibilityGlobals) = postSolution
		SolutionGuid = {BB4C49A8-8640-4B8E-A3FA-E885122BD95A}
	EndGlobalSection
EndGlobal
