
Microsoft Visual Studio Solution File, Format Version 12.00
# Visual Studio Version 16
VisualStudioVersion = 16.0.32002.261
MinimumVisualStudioVersion = 10.0.40219.1
Project("{FAE04EC0-301F-11D3-BF4B-00C04F79EFBC}") = "TemperatureConversion_2", "TemperatureConversion_2\TemperatureConversion_2.csproj", "{C94C478A-DC59-4A84-8EB4-2313FD8AB81C}"
EndProject
Global
	GlobalSection(SolutionConfigurationPlatforms) = preSolution
		Debug|Any CPU = Debug|Any CPU
		Release|Any CPU = Release|Any CPU
	EndGlobalSection
	GlobalSection(ProjectConfigurationPlatforms) = postSolution
		{C94C478A-DC59-4A84-8EB4-2313FD8AB81C}.Debug|Any CPU.ActiveCfg = Debug|Any CPU
		{C94C478A-DC59-4A84-8EB4-2313FD8AB81C}.Debug|Any CPU.Build.0 = Debug|Any CPU
		{C94C478A-DC59-4A84-8EB4-2313FD8AB81C}.Release|Any CPU.ActiveCfg = Release|Any CPU
		{C94C478A-DC59-4A84-8EB4-2313FD8AB81C}.Release|Any CPU.Build.0 = Release|Any CPU
	EndGlobalSection
	GlobalSection(SolutionProperties) = preSolution
		HideSolutionNode = FALSE
	EndGlobalSection
	GlobalSection(ExtensibilityGlobals) = postSolution
		SolutionGuid = {16DDF029-B931-4FCE-A131-F6C3D443D80F}
	EndGlobalSection
EndGlobal
