
Microsoft Visual Studio Solution File, Format Version 12.00
# Visual Studio Version 16
VisualStudioVersion = 16.0.32002.261
MinimumVisualStudioVersion = 10.0.40219.1
Project("{FAE04EC0-301F-11D3-BF4B-00C04F79EFBC}") = "InputBoxDemo", "InputBoxDemo\InputBoxDemo.csproj", "{F9139903-E558-4E41-9181-EDAA474F7065}"
EndProject
Global
	GlobalSection(SolutionConfigurationPlatforms) = preSolution
		Debug|Any CPU = Debug|Any CPU
		Release|Any CPU = Release|Any CPU
	EndGlobalSection
	GlobalSection(ProjectConfigurationPlatforms) = postSolution
		{F9139903-E558-4E41-9181-EDAA474F7065}.Debug|Any CPU.ActiveCfg = Debug|Any CPU
		{F9139903-E558-4E41-9181-EDAA474F7065}.Debug|Any CPU.Build.0 = Debug|Any CPU
		{F9139903-E558-4E41-9181-EDAA474F7065}.Release|Any CPU.ActiveCfg = Release|Any CPU
		{F9139903-E558-4E41-9181-EDAA474F7065}.Release|Any CPU.Build.0 = Release|Any CPU
	EndGlobalSection
	GlobalSection(SolutionProperties) = preSolution
		HideSolutionNode = FALSE
	EndGlobalSection
	GlobalSection(ExtensibilityGlobals) = postSolution
		SolutionGuid = {88AC23A6-91B2-4ABD-A0F2-1A83CABAC04E}
	EndGlobalSection
EndGlobal
