
Microsoft Visual Studio Solution File, Format Version 12.00
# Visual Studio Version 16
VisualStudioVersion = 16.0.32802.440
MinimumVisualStudioVersion = 10.0.40219.1
Project("{FAE04EC0-301F-11D3-BF4B-00C04F79EFBC}") = "RandomClass", "RandomClass.csproj", "{3E7758BC-DEFE-4EE9-9453-C3470B28DBEF}"
EndProject
Project("{FAE04EC0-301F-11D3-BF4B-00C04F79EFBC}") = "TwoRandomMaker", "..\TwoRandomMaker\TwoRandomMaker.csproj", "{A7C929D9-02C3-4950-8880-8EF4D962F2EF}"
EndProject
Global
	GlobalSection(SolutionConfigurationPlatforms) = preSolution
		Debug|Any CPU = Debug|Any CPU
		Release|Any CPU = Release|Any CPU
	EndGlobalSection
	GlobalSection(ProjectConfigurationPlatforms) = postSolution
		{3E7758BC-DEFE-4EE9-9453-C3470B28DBEF}.Debug|Any CPU.ActiveCfg = Debug|Any CPU
		{3E7758BC-DEFE-4EE9-9453-C3470B28DBEF}.Debug|Any CPU.Build.0 = Debug|Any CPU
		{3E7758BC-DEFE-4EE9-9453-C3470B28DBEF}.Release|Any CPU.ActiveCfg = Release|Any CPU
		{3E7758BC-DEFE-4EE9-9453-C3470B28DBEF}.Release|Any CPU.Build.0 = Release|Any CPU
		{A7C929D9-02C3-4950-8880-8EF4D962F2EF}.Debug|Any CPU.ActiveCfg = Debug|Any CPU
		{A7C929D9-02C3-4950-8880-8EF4D962F2EF}.Debug|Any CPU.Build.0 = Debug|Any CPU
		{A7C929D9-02C3-4950-8880-8EF4D962F2EF}.Release|Any CPU.ActiveCfg = Release|Any CPU
		{A7C929D9-02C3-4950-8880-8EF4D962F2EF}.Release|Any CPU.Build.0 = Release|Any CPU
	EndGlobalSection
	GlobalSection(SolutionProperties) = preSolution
		HideSolutionNode = FALSE
	EndGlobalSection
	GlobalSection(ExtensibilityGlobals) = postSolution
		SolutionGuid = {EE6BDF95-0E2E-43E2-AE7F-E6EBE65D0833}
	EndGlobalSection
EndGlobal
