
Microsoft Visual Studio Solution File, Format Version 12.00
# Visual Studio Version 16
VisualStudioVersion = 16.0.32802.440
MinimumVisualStudioVersion = 10.0.40219.1
Project("{FAE04EC0-301F-11D3-BF4B-00C04F79EFBC}") = "CSharpLearning", "CSharpLearning\CSharpLearning.csproj", "{3BE22EC7-C4CA-44B0-9DD6-DA94302602D2}"
EndProject
Project("{FAE04EC0-301F-11D3-BF4B-00C04F79EFBC}") = "CalculatorDemo", "CalculatorDemo\CalculatorDemo.csproj", "{165B4AA8-C51A-4EDF-A5FC-87D9C30D4757}"
EndProject
Global
	GlobalSection(SolutionConfigurationPlatforms) = preSolution
		Debug|Any CPU = Debug|Any CPU
		Release|Any CPU = Release|Any CPU
	EndGlobalSection
	GlobalSection(ProjectConfigurationPlatforms) = postSolution
		{3BE22EC7-C4CA-44B0-9DD6-DA94302602D2}.Debug|Any CPU.ActiveCfg = Debug|Any CPU
		{3BE22EC7-C4CA-44B0-9DD6-DA94302602D2}.Debug|Any CPU.Build.0 = Debug|Any CPU
		{3BE22EC7-C4CA-44B0-9DD6-DA94302602D2}.Release|Any CPU.ActiveCfg = Release|Any CPU
		{3BE22EC7-C4CA-44B0-9DD6-DA94302602D2}.Release|Any CPU.Build.0 = Release|Any CPU
		{165B4AA8-C51A-4EDF-A5FC-87D9C30D4757}.Debug|Any CPU.ActiveCfg = Debug|Any CPU
		{165B4AA8-C51A-4EDF-A5FC-87D9C30D4757}.Debug|Any CPU.Build.0 = Debug|Any CPU
		{165B4AA8-C51A-4EDF-A5FC-87D9C30D4757}.Release|Any CPU.ActiveCfg = Release|Any CPU
		{165B4AA8-C51A-4EDF-A5FC-87D9C30D4757}.Release|Any CPU.Build.0 = Release|Any CPU
	EndGlobalSection
	GlobalSection(SolutionProperties) = preSolution
		HideSolutionNode = FALSE
	EndGlobalSection
	GlobalSection(ExtensibilityGlobals) = postSolution
		SolutionGuid = {66A4B7BC-E1EC-4BDC-B1FE-F1DCA835C438}
	EndGlobalSection
EndGlobal
