
Microsoft Visual Studio Solution File, Format Version 12.00
# Visual Studio Version 16
VisualStudioVersion = 16.0.32802.440
MinimumVisualStudioVersion = 10.0.40219.1
Project("{FAE04EC0-301F-11D3-BF4B-00C04F79EFBC}") = "Chapter3", "Chapter3.csproj", "{C94E0C3C-0B25-4D95-ADC8-F550AE53DC66}"
EndProject
Project("{FAE04EC0-301F-11D3-BF4B-00C04F79EFBC}") = "RGBTextBox", "..\RGBTextBox\RGBTextBox.csproj", "{FE59D8BC-FDBA-49D6-811F-F593230A98D1}"
EndProject
Project("{FAE04EC0-301F-11D3-BF4B-00C04F79EFBC}") = "BallWalk", "..\BallWalk\BallWalk.csproj", "{162F88BF-5578-44B6-A537-02A06E89C1C8}"
EndProject
Project("{FAE04EC0-301F-11D3-BF4B-00C04F79EFBC}") = "AtoZPrinter", "..\AtoZPrinter\AtoZPrinter.csproj", "{851B0B7D-9A14-4957-822C-1DC8EDFF26EA}"
EndProject
Project("{FAE04EC0-301F-11D3-BF4B-00C04F79EFBC}") = "AzPrinter", "..\AzPrinter\AzPrinter.csproj", "{A53A5DBA-CD1E-4289-ACCE-992EBE2C0CD4}"
EndProject
Global
	GlobalSection(SolutionConfigurationPlatforms) = preSolution
		Debug|Any CPU = Debug|Any CPU
		Release|Any CPU = Release|Any CPU
	EndGlobalSection
	GlobalSection(ProjectConfigurationPlatforms) = postSolution
		{C94E0C3C-0B25-4D95-ADC8-F550AE53DC66}.Debug|Any CPU.ActiveCfg = Debug|Any CPU
		{C94E0C3C-0B25-4D95-ADC8-F550AE53DC66}.Debug|Any CPU.Build.0 = Debug|Any CPU
		{C94E0C3C-0B25-4D95-ADC8-F550AE53DC66}.Release|Any CPU.ActiveCfg = Release|Any CPU
		{C94E0C3C-0B25-4D95-ADC8-F550AE53DC66}.Release|Any CPU.Build.0 = Release|Any CPU
		{FE59D8BC-FDBA-49D6-811F-F593230A98D1}.Debug|Any CPU.ActiveCfg = Debug|Any CPU
		{FE59D8BC-FDBA-49D6-811F-F593230A98D1}.Debug|Any CPU.Build.0 = Debug|Any CPU
		{FE59D8BC-FDBA-49D6-811F-F593230A98D1}.Release|Any CPU.ActiveCfg = Release|Any CPU
		{FE59D8BC-FDBA-49D6-811F-F593230A98D1}.Release|Any CPU.Build.0 = Release|Any CPU
		{162F88BF-5578-44B6-A537-02A06E89C1C8}.Debug|Any CPU.ActiveCfg = Debug|Any CPU
		{162F88BF-5578-44B6-A537-02A06E89C1C8}.Debug|Any CPU.Build.0 = Debug|Any CPU
		{162F88BF-5578-44B6-A537-02A06E89C1C8}.Release|Any CPU.ActiveCfg = Release|Any CPU
		{162F88BF-5578-44B6-A537-02A06E89C1C8}.Release|Any CPU.Build.0 = Release|Any CPU
		{851B0B7D-9A14-4957-822C-1DC8EDFF26EA}.Debug|Any CPU.ActiveCfg = Debug|Any CPU
		{851B0B7D-9A14-4957-822C-1DC8EDFF26EA}.Debug|Any CPU.Build.0 = Debug|Any CPU
		{851B0B7D-9A14-4957-822C-1DC8EDFF26EA}.Release|Any CPU.ActiveCfg = Release|Any CPU
		{851B0B7D-9A14-4957-822C-1DC8EDFF26EA}.Release|Any CPU.Build.0 = Release|Any CPU
		{A53A5DBA-CD1E-4289-ACCE-992EBE2C0CD4}.Debug|Any CPU.ActiveCfg = Debug|Any CPU
		{A53A5DBA-CD1E-4289-ACCE-992EBE2C0CD4}.Debug|Any CPU.Build.0 = Debug|Any CPU
		{A53A5DBA-CD1E-4289-ACCE-992EBE2C0CD4}.Release|Any CPU.ActiveCfg = Release|Any CPU
		{A53A5DBA-CD1E-4289-ACCE-992EBE2C0CD4}.Release|Any CPU.Build.0 = Release|Any CPU
	EndGlobalSection
	GlobalSection(SolutionProperties) = preSolution
		HideSolutionNode = FALSE
	EndGlobalSection
	GlobalSection(ExtensibilityGlobals) = postSolution
		SolutionGuid = {428439E0-BF6D-4A19-A58C-61A1BAE4FD7F}
	EndGlobalSection
EndGlobal
