
Microsoft Visual Studio Solution File, Format Version 12.00
# Visual Studio Version 16
VisualStudioVersion = 16.0.32802.440
MinimumVisualStudioVersion = 10.0.40219.1
Project("{FAE04EC0-301F-11D3-BF4B-00C04F79EFBC}") = "Chapter3Test", "Chapter3Test.csproj", "{A423E1A7-68DC-4DE9-BB1A-26024E70B2BF}"
EndProject
Project("{FAE04EC0-301F-11D3-BF4B-00C04F79EFBC}") = "OneToA", "..\OneToA\OneToA.csproj", "{9789C7B4-8661-46C8-8C56-83B50651F4C3}"
EndProject
Global
	GlobalSection(SolutionConfigurationPlatforms) = preSolution
		Debug|Any CPU = Debug|Any CPU
		Release|Any CPU = Release|Any CPU
	EndGlobalSection
	GlobalSection(ProjectConfigurationPlatforms) = postSolution
		{A423E1A7-68DC-4DE9-BB1A-26024E70B2BF}.Debug|Any CPU.ActiveCfg = Debug|Any CPU
		{A423E1A7-68DC-4DE9-BB1A-26024E70B2BF}.Debug|Any CPU.Build.0 = Debug|Any CPU
		{A423E1A7-68DC-4DE9-BB1A-26024E70B2BF}.Release|Any CPU.ActiveCfg = Release|Any CPU
		{A423E1A7-68DC-4DE9-BB1A-26024E70B2BF}.Release|Any CPU.Build.0 = Release|Any CPU
		{9789C7B4-8661-46C8-8C56-83B50651F4C3}.Debug|Any CPU.ActiveCfg = Debug|Any CPU
		{9789C7B4-8661-46C8-8C56-83B50651F4C3}.Debug|Any CPU.Build.0 = Debug|Any CPU
		{9789C7B4-8661-46C8-8C56-83B50651F4C3}.Release|Any CPU.ActiveCfg = Release|Any CPU
		{9789C7B4-8661-46C8-8C56-83B50651F4C3}.Release|Any CPU.Build.0 = Release|Any CPU
	EndGlobalSection
	GlobalSection(SolutionProperties) = preSolution
		HideSolutionNode = FALSE
	EndGlobalSection
	GlobalSection(ExtensibilityGlobals) = postSolution
		SolutionGuid = {C7F020EE-166D-4A0A-9CA8-9618ABF94BF4}
	EndGlobalSection
EndGlobal
