
Microsoft Visual Studio Solution File, Format Version 12.00
# Visual Studio Version 16
VisualStudioVersion = 16.0.32802.440
MinimumVisualStudioVersion = 10.0.40219.1
Project("{FAE04EC0-301F-11D3-BF4B-00C04F79EFBC}") = "StringClass", "StringClass.csproj", "{DA48D805-E27B-4EE4-884A-290C709AA06F}"
EndProject
Global
	GlobalSection(SolutionConfigurationPlatforms) = preSolution
		Debug|Any CPU = Debug|Any CPU
		Release|Any CPU = Release|Any CPU
	EndGlobalSection
	GlobalSection(ProjectConfigurationPlatforms) = postSolution
		{DA48D805-E27B-4EE4-884A-290C709AA06F}.Debug|Any CPU.ActiveCfg = Debug|Any CPU
		{DA48D805-E27B-4EE4-884A-290C709AA06F}.Debug|Any CPU.Build.0 = Debug|Any CPU
		{DA48D805-E27B-4EE4-884A-290C709AA06F}.Release|Any CPU.ActiveCfg = Release|Any CPU
		{DA48D805-E27B-4EE4-884A-290C709AA06F}.Release|Any CPU.Build.0 = Release|Any CPU
	EndGlobalSection
	GlobalSection(SolutionProperties) = preSolution
		HideSolutionNode = FALSE
	EndGlobalSection
	GlobalSection(ExtensibilityGlobals) = postSolution
		SolutionGuid = {8831AFFA-4E6A-448D-AF6B-D0A682A413A5}
	EndGlobalSection
EndGlobal
